{
  "requires": true,
  "lockfileVersion": 1,
  "dependencies": {
    "lodash": {
      "version": "4.17.15",
      "resolved": "https://registry.npmjs.org/lodash/-/lodash-4.17.15.tgz",
      "integrity": "sha512-8xOcRHvCjnocdS5cpwXQXVzmmh5e5+saE2QGoeQmbKmRS6J3VQppPOIt0MnmE+4xlZoumy0GPG0D0MVIQbNA1A=="
    },
    "pathseg": {
      "version": "1.2.0",
      "resolved": "https://registry.npmjs.org/pathseg/-/pathseg-1.2.0.tgz",
      "integrity": "sha512-+pQS7lTaoVIXhaCW7R3Wd/165APzZHWzYVqe7dxzdupxQwebgpBaCmf0/XZwmoA/rkDq3qvzO0qv4d5oFVrBRw=="
    },
    "react-particles-js": {
      "version": "3.2.1",
      "resolved": "https://registry.npmjs.org/react-particles-js/-/react-particles-js-3.2.1.tgz",
      "integrity": "sha512-sZ6jmwbbHQOtqsChlI7X9iee+iN4C1g9BLch2f9Ck9dvJmAaVT8/kQB1gOQLROFKIFIzQyt34gXzrI7ZNwNspQ==",
      "requires": {
        "lodash": "^4.17.11",
        "tsparticles": "^1.13.6"
      }
    },
    "react-tilt": {
      "version": "0.1.4",
      "resolved": "https://registry.npmjs.org/react-tilt/-/react-tilt-0.1.4.tgz",
      "integrity": "sha512-bVeRumg+RIn6QN8S92UmubGqX/BG6/QeQISBeAcrS/70dpo/jVj+sjikIawDl5wTuPdubFH8zH0EMulWIctsnw=="
    },
    "tachyons": {
      "version": "4.12.0",
      "resolved": "https://registry.npmjs.org/tachyons/-/tachyons-4.12.0.tgz",
      "integrity": "sha512-2nA2IrYFy3raCM9fxJ2KODRGHVSZNTW3BR0YnlGsLUf1DA3pk3YfWZ/DdfbnZK6zLZS+jUenlUGJsKcA5fUiZg=="
    },
    "tslib": {
      "version": "2.0.0",
      "resolved": "https://registry.npmjs.org/tslib/-/tslib-2.0.0.tgz",
      "integrity": "sha512-lTqkx847PI7xEDYJntxZH89L2/aXInsyF2luSafe/+0fHOMjlBNXdH6th7f70qxLDhul7KZK0zC8V5ZIyHl0/g=="
    },
    "tsparticles": {
      "version": "1.15.1",
      "resolved": "https://registry.npmjs.org/tsparticles/-/tsparticles-1.15.1.tgz",
      "integrity": "sha512-yvk613dW6aTqziDUTH2O5q+8K5MyNMnZkqD1Od1FBWi+ekFmwUwVtWGTiEmmhq5+D/a3AEe60TQCLekT910b2w==",
      "requires": {
        "pathseg": "^1.2.0",
        "tslib": "^2.0.0"
      }
    }
  }
}
